// !$*UTF8*$!
{
	archiveVersion = 1;
	classes = {
	};
	objectVersion = 46;
	objects = {

/* Begin PBXBuildFile section */
		86598F7E1FCD644B000BFCE8 /* PVSDK.framework in Frameworks */ = {isa = PBXBuildFile; fileRef = 86598F7D1FCD644B000BFCE8 /* PVSDK.framework */; };
		86632CA21FD29EEB0077CCD8 /* CameraSettingParameterVC.m in Sources */ = {isa = PBXBuildFile; fileRef = 86632C991FD29EEB0077CCD8 /* CameraSettingParameterVC.m */; };
		86632CA31FD29EEB0077CCD8 /* CameraSettingValueVC.m in Sources */ = {isa = PBXBuildFile; fileRef = 86632C9B1FD29EEB0077CCD8 /* CameraSettingValueVC.m */; };
		86632CA41FD29EEB0077CCD8 /* CameraSettingVC.m in Sources */ = {isa = PBXBuildFile; fileRef = 86632C9D1FD29EEB0077CCD8 /* CameraSettingVC.m */; };
		86632CA81FD29F080077CCD8 /* RemoteViewController.m in Sources */ = {isa = PBXBuildFile; fileRef = 86632CA71FD29F080077CCD8 /* RemoteViewController.m */; };
		86632CAB1FD29F210077CCD8 /* BatterViewController.m in Sources */ = {isa = PBXBuildFile; fileRef = 86632CAA1FD29F210077CCD8 /* BatterViewController.m */; };
		86632CB11FD29F4C0077CCD8 /* MountViewController.m in Sources */ = {isa = PBXBuildFile; fileRef = 86632CAE1FD29F4C0077CCD8 /* MountViewController.m */; };
		86632CB41FD2A0D40077CCD8 /* RemoteModeViewController.m in Sources */ = {isa = PBXBuildFile; fileRef = 86632CB31FD2A0D40077CCD8 /* RemoteModeViewController.m */; };
		86632CBB1FD2A1DD0077CCD8 /* FlightViewController.m in Sources */ = {isa = PBXBuildFile; fileRef = 86632CB81FD2A1DD0077CCD8 /* FlightViewController.m */; };
		868056401FC7F77800E1CDC4 /* MainViewController.m in Sources */ = {isa = PBXBuildFile; fileRef = 8680563E1FC7F77800E1CDC4 /* MainViewController.m */; };
		8680565F1FC8666E00E1CDC4 /* VideoToolbox.framework in Frameworks */ = {isa = PBXBuildFile; fileRef = 8680565D1FC7F86800E1CDC4 /* VideoToolbox.framework */; };
		86CFD6DD1FCD839B00625FBE /* PVSDK_UIUtils.m in Sources */ = {isa = PBXBuildFile; fileRef = 86CFD6D81FCD839B00625FBE /* PVSDK_UIUtils.m */; };
		86CFD6DE1FCD839B00625FBE /* PVSDK_VideoStreamView.m in Sources */ = {isa = PBXBuildFile; fileRef = 86CFD6DB1FCD839B00625FBE /* PVSDK_VideoStreamView.m */; };
		86CFD6E81FD0EDF300625FBE /* VFLibrary.framework in Frameworks */ = {isa = PBXBuildFile; fileRef = 86CFD6E71FD0EDF300625FBE /* VFLibrary.framework */; };
		8DC72A3E39B8110A7B24B250 /* libPods-PVSDK_Demo.a in Frameworks */ = {isa = PBXBuildFile; fileRef = D61FD7D405CF23A5560576BE /* libPods-PVSDK_Demo.a */; };
		ADC05BBB1F9DB9E100C86981 /* CanSettingView.m in Sources */ = {isa = PBXBuildFile; fileRef = ADC05BBA1F9DB9E100C86981 /* CanSettingView.m */; };
		ADC05BBD1F9DB9F400C86981 /* CanSettingView.xib in Resources */ = {isa = PBXBuildFile; fileRef = ADC05BBC1F9DB9F400C86981 /* CanSettingView.xib */; };
		ADC05BBF1F9DC0B500C86981 /* I2CSettingView.xib in Resources */ = {isa = PBXBuildFile; fileRef = ADC05BBE1F9DC0B500C86981 /* I2CSettingView.xib */; };
		ADC05BC21F9DC0CF00C86981 /* I2CSettingView.m in Sources */ = {isa = PBXBuildFile; fileRef = ADC05BC11F9DC0CF00C86981 /* I2CSettingView.m */; };
		ADC05BC51F9DD7A800C86981 /* SpiSettingView.m in Sources */ = {isa = PBXBuildFile; fileRef = ADC05BC41F9DD7A800C86981 /* SpiSettingView.m */; };
		ADC05BC71F9DD7BC00C86981 /* SpiSettingView.xib in Resources */ = {isa = PBXBuildFile; fileRef = ADC05BC61F9DD7BC00C86981 /* SpiSettingView.xib */; };
		ADC05C3B1FA1C4DF00C86981 /* SendCanDataParamView.m in Sources */ = {isa = PBXBuildFile; fileRef = ADC05C3A1FA1C4DF00C86981 /* SendCanDataParamView.m */; };
		ADC05C3D1FA1C4EE00C86981 /* SendCanDataParamView.xib in Resources */ = {isa = PBXBuildFile; fileRef = ADC05C3C1FA1C4EE00C86981 /* SendCanDataParamView.xib */; };
		ADC05C401FA1CAB500C86981 /* SendI2cDataParamView.m in Sources */ = {isa = PBXBuildFile; fileRef = ADC05C3F1FA1CAB500C86981 /* SendI2cDataParamView.m */; };
		ADC05C421FA1CAC900C86981 /* SendI2cDataParamView.xib in Resources */ = {isa = PBXBuildFile; fileRef = ADC05C411FA1CAC900C86981 /* SendI2cDataParamView.xib */; };
		ADC05C451FA1E34700C86981 /* CanFilterSettingView.m in Sources */ = {isa = PBXBuildFile; fileRef = ADC05C441FA1E34700C86981 /* CanFilterSettingView.m */; };
		ADC05C471FA1E35700C86981 /* CanFilterSettingView.xib in Resources */ = {isa = PBXBuildFile; fileRef = ADC05C461FA1E35700C86981 /* CanFilterSettingView.xib */; };
		ADC05C501FA3392E00C86981 /* GpioSettingView.m in Sources */ = {isa = PBXBuildFile; fileRef = ADC05C4F1FA3392E00C86981 /* GpioSettingView.m */; };
		ADC05C521FA3393E00C86981 /* GpioSettingView.xib in Resources */ = {isa = PBXBuildFile; fileRef = ADC05C511FA3393E00C86981 /* GpioSettingView.xib */; };
		ADC05C831FA7168700C86981 /* ReadI2cDataParamView.m in Sources */ = {isa = PBXBuildFile; fileRef = ADC05C821FA7168700C86981 /* ReadI2cDataParamView.m */; };
		ADC05C861FA7169E00C86981 /* ReadSpiDataParamView.m in Sources */ = {isa = PBXBuildFile; fileRef = ADC05C851FA7169E00C86981 /* ReadSpiDataParamView.m */; };
		ADC05C881FA716AF00C86981 /* ReadI2cDataParamView.xib in Resources */ = {isa = PBXBuildFile; fileRef = ADC05C871FA716AF00C86981 /* ReadI2cDataParamView.xib */; };
		ADC05C8A1FA716B900C86981 /* ReadSpiDataParamView.xib in Resources */ = {isa = PBXBuildFile; fileRef = ADC05C891FA716B900C86981 /* ReadSpiDataParamView.xib */; };
		ADC2578A1F8F3EBE00418881 /* main.m in Sources */ = {isa = PBXBuildFile; fileRef = ADC257891F8F3EBE00418881 /* main.m */; };
		ADC2578D1F8F3EBE00418881 /* AppDelegate.m in Sources */ = {isa = PBXBuildFile; fileRef = ADC2578C1F8F3EBE00418881 /* AppDelegate.m */; };
		ADC257931F8F3EBF00418881 /* Main.storyboard in Resources */ = {isa = PBXBuildFile; fileRef = ADC257911F8F3EBF00418881 /* Main.storyboard */; };
		ADC257951F8F3EBF00418881 /* Assets.xcassets in Resources */ = {isa = PBXBuildFile; fileRef = ADC257941F8F3EBF00418881 /* Assets.xcassets */; };
		ADC257981F8F3EBF00418881 /* LaunchScreen.storyboard in Resources */ = {isa = PBXBuildFile; fileRef = ADC257961F8F3EBF00418881 /* LaunchScreen.storyboard */; };
		ADC257A31F8F3EBF00418881 /* PVSDK_DemoTests.m in Sources */ = {isa = PBXBuildFile; fileRef = ADC257A21F8F3EBF00418881 /* PVSDK_DemoTests.m */; };
		ADC257AE1F8F3EBF00418881 /* PVSDK_DemoUITests.m in Sources */ = {isa = PBXBuildFile; fileRef = ADC257AD1F8F3EBF00418881 /* PVSDK_DemoUITests.m */; };
		ADC257C01F8F610500418881 /* dropdownMenu_cornerIcon.png in Resources */ = {isa = PBXBuildFile; fileRef = ADC257BD1F8F610500418881 /* dropdownMenu_cornerIcon.png */; };
		ADC257C11F8F610500418881 /* LMJDropdownMenu.m in Sources */ = {isa = PBXBuildFile; fileRef = ADC257BF1F8F610500418881 /* LMJDropdownMenu.m */; };
		ADC257C31F8F62D000418881 /* Podfile in Resources */ = {isa = PBXBuildFile; fileRef = ADC257C21F8F62D000418881 /* Podfile */; };
		ADC257D21F8F82A700418881 /* libc++.tbd in Frameworks */ = {isa = PBXBuildFile; fileRef = ADC257D11F8F82A700418881 /* libc++.tbd */; };
		ADC2589E1F9455EC00418881 /* UartSettingView.m in Sources */ = {isa = PBXBuildFile; fileRef = ADC2589D1F9455EC00418881 /* UartSettingView.m */; };
		ADC258A01F9455FF00418881 /* UartSettingView.xib in Resources */ = {isa = PBXBuildFile; fileRef = ADC2589F1F9455FF00418881 /* UartSettingView.xib */; };
		ADC258A61F94669C00418881 /* UIView+Size.m in Sources */ = {isa = PBXBuildFile; fileRef = ADC258A51F94669C00418881 /* UIView+Size.m */; };
/* End PBXBuildFile section */

/* Begin PBXContainerItemProxy section */
		ADC2579F1F8F3EBF00418881 /* PBXContainerItemProxy */ = {
			isa = PBXContainerItemProxy;
			containerPortal = ADC2577D1F8F3EBE00418881 /* Project object */;
			proxyType = 1;
			remoteGlobalIDString = ADC257841F8F3EBE00418881;
			remoteInfo = PVSDK_Demo;
		};
		ADC257AA1F8F3EBF00418881 /* PBXContainerItemProxy */ = {
			isa = PBXContainerItemProxy;
			containerPortal = ADC2577D1F8F3EBE00418881 /* Project object */;
			proxyType = 1;
			remoteGlobalIDString = ADC257841F8F3EBE00418881;
			remoteInfo = PVSDK_Demo;
		};
/* End PBXContainerItemProxy section */

/* Begin PBXFileReference section */
		62FBD8C81F5949C340CB6738 /* Pods-PVSDK_Demo.debug.xcconfig */ = {isa = PBXFileReference; includeInIndex = 1; lastKnownFileType = text.xcconfig; name = "Pods-PVSDK_Demo.debug.xcconfig"; path = "Pods/Target Support Files/Pods-PVSDK_Demo/Pods-PVSDK_Demo.debug.xcconfig"; sourceTree = "<group>"; };
		86598F7D1FCD644B000BFCE8 /* PVSDK.framework */ = {isa = PBXFileReference; lastKnownFileType = wrapper.framework; path = PVSDK.framework; sourceTree = "<group>"; };
		86632C981FD29EEB0077CCD8 /* CameraSettingParameterVC.h */ = {isa = PBXFileReference; fileEncoding = 4; lastKnownFileType = sourcecode.c.h; path = CameraSettingParameterVC.h; sourceTree = "<group>"; };
		86632C991FD29EEB0077CCD8 /* CameraSettingParameterVC.m */ = {isa = PBXFileReference; fileEncoding = 4; lastKnownFileType = sourcecode.c.objc; path = CameraSettingParameterVC.m; sourceTree = "<group>"; };
		86632C9A1FD29EEB0077CCD8 /* CameraSettingValueVC.h */ = {isa = PBXFileReference; fileEncoding = 4; lastKnownFileType = sourcecode.c.h; path = CameraSettingValueVC.h; sourceTree = "<group>"; };
		86632C9B1FD29EEB0077CCD8 /* CameraSettingValueVC.m */ = {isa = PBXFileReference; fileEncoding = 4; lastKnownFileType = sourcecode.c.objc; path = CameraSettingValueVC.m; sourceTree = "<group>"; };
		86632C9C1FD29EEB0077CCD8 /* CameraSettingVC.h */ = {isa = PBXFileReference; fileEncoding = 4; lastKnownFileType = sourcecode.c.h; path = CameraSettingVC.h; sourceTree = "<group>"; };
		86632C9D1FD29EEB0077CCD8 /* CameraSettingVC.m */ = {isa = PBXFileReference; fileEncoding = 4; lastKnownFileType = sourcecode.c.objc; path = CameraSettingVC.m; sourceTree = "<group>"; };
		86632CA61FD29F080077CCD8 /* RemoteViewController.h */ = {isa = PBXFileReference; fileEncoding = 4; lastKnownFileType = sourcecode.c.h; path = RemoteViewController.h; sourceTree = "<group>"; };
		86632CA71FD29F080077CCD8 /* RemoteViewController.m */ = {isa = PBXFileReference; fileEncoding = 4; lastKnownFileType = sourcecode.c.objc; path = RemoteViewController.m; sourceTree = "<group>"; };
		86632CA91FD29F210077CCD8 /* BatterViewController.h */ = {isa = PBXFileReference; fileEncoding = 4; lastKnownFileType = sourcecode.c.h; path = BatterViewController.h; sourceTree = "<group>"; };
		86632CAA1FD29F210077CCD8 /* BatterViewController.m */ = {isa = PBXFileReference; fileEncoding = 4; lastKnownFileType = sourcecode.c.objc; path = BatterViewController.m; sourceTree = "<group>"; };
		86632CAD1FD29F4C0077CCD8 /* MountViewController.h */ = {isa = PBXFileReference; fileEncoding = 4; lastKnownFileType = sourcecode.c.h; path = MountViewController.h; sourceTree = "<group>"; };
		86632CAE1FD29F4C0077CCD8 /* MountViewController.m */ = {isa = PBXFileReference; fileEncoding = 4; lastKnownFileType = sourcecode.c.objc; path = MountViewController.m; sourceTree = "<group>"; };
		86632CB21FD2A0D40077CCD8 /* RemoteModeViewController.h */ = {isa = PBXFileReference; fileEncoding = 4; lastKnownFileType = sourcecode.c.h; path = RemoteModeViewController.h; sourceTree = "<group>"; };
		86632CB31FD2A0D40077CCD8 /* RemoteModeViewController.m */ = {isa = PBXFileReference; fileEncoding = 4; lastKnownFileType = sourcecode.c.objc; path = RemoteModeViewController.m; sourceTree = "<group>"; };
		86632CB71FD2A1DD0077CCD8 /* FlightViewController.h */ = {isa = PBXFileReference; fileEncoding = 4; lastKnownFileType = sourcecode.c.h; path = FlightViewController.h; sourceTree = "<group>"; };
		86632CB81FD2A1DD0077CCD8 /* FlightViewController.m */ = {isa = PBXFileReference; fileEncoding = 4; lastKnownFileType = sourcecode.c.objc; path = FlightViewController.m; sourceTree = "<group>"; };
		8680563D1FC7F77800E1CDC4 /* MainViewController.h */ = {isa = PBXFileReference; fileEncoding = 4; lastKnownFileType = sourcecode.c.h; path = MainViewController.h; sourceTree = "<group>"; };
		8680563E1FC7F77800E1CDC4 /* MainViewController.m */ = {isa = PBXFileReference; fileEncoding = 4; lastKnownFileType = sourcecode.c.objc; path = MainViewController.m; sourceTree = "<group>"; };
		868056571FC7F82300E1CDC4 /* libstdc++.tbd */ = {isa = PBXFileReference; lastKnownFileType = "sourcecode.text-based-dylib-definition"; name = "libstdc++.tbd"; path = "usr/lib/libstdc++.tbd"; sourceTree = SDKROOT; };
		868056591FC7F83100E1CDC4 /* CoreVideo.framework */ = {isa = PBXFileReference; lastKnownFileType = wrapper.framework; name = CoreVideo.framework; path = System/Library/Frameworks/CoreVideo.framework; sourceTree = SDKROOT; };
		8680565B1FC7F83D00E1CDC4 /* libiconv.tbd */ = {isa = PBXFileReference; lastKnownFileType = "sourcecode.text-based-dylib-definition"; name = libiconv.tbd; path = usr/lib/libiconv.tbd; sourceTree = SDKROOT; };
		8680565D1FC7F86800E1CDC4 /* VideoToolbox.framework */ = {isa = PBXFileReference; lastKnownFileType = wrapper.framework; name = VideoToolbox.framework; path = System/Library/Frameworks/VideoToolbox.framework; sourceTree = SDKROOT; };
		868056631FC8672D00E1CDC4 /* libz.tbd */ = {isa = PBXFileReference; lastKnownFileType = "sourcecode.text-based-dylib-definition"; name = libz.tbd; path = usr/lib/libz.tbd; sourceTree = SDKROOT; };
		86CFD6D71FCD839B00625FBE /* PVSDK_UIUtils.h */ = {isa = PBXFileReference; fileEncoding = 4; lastKnownFileType = sourcecode.c.h; path = PVSDK_UIUtils.h; sourceTree = "<group>"; };
		86CFD6D81FCD839B00625FBE /* PVSDK_UIUtils.m */ = {isa = PBXFileReference; fileEncoding = 4; lastKnownFileType = sourcecode.c.objc; path = PVSDK_UIUtils.m; sourceTree = "<group>"; };
		86CFD6D91FCD839B00625FBE /* PVSDK_VideoStreamHeader.h */ = {isa = PBXFileReference; fileEncoding = 4; lastKnownFileType = sourcecode.c.h; path = PVSDK_VideoStreamHeader.h; sourceTree = "<group>"; };
		86CFD6DA1FCD839B00625FBE /* PVSDK_VideoStreamView.h */ = {isa = PBXFileReference; fileEncoding = 4; lastKnownFileType = sourcecode.c.h; path = PVSDK_VideoStreamView.h; sourceTree = "<group>"; };
		86CFD6DB1FCD839B00625FBE /* PVSDK_VideoStreamView.m */ = {isa = PBXFileReference; fileEncoding = 4; lastKnownFileType = sourcecode.c.objc; path = PVSDK_VideoStreamView.m; sourceTree = "<group>"; };
		86CFD6E41FCE759900625FBE /* PrefixHeader.pch */ = {isa = PBXFileReference; lastKnownFileType = sourcecode.c.h; path = PrefixHeader.pch; sourceTree = "<group>"; };
		86CFD6E71FD0EDF300625FBE /* VFLibrary.framework */ = {isa = PBXFileReference; lastKnownFileType = wrapper.framework; name = VFLibrary.framework; path = PVSDK_Demo/PVSDK/PVSDK_VideoStream/VFLibrary.framework; sourceTree = "<group>"; };
		ADC05BB91F9DB9E100C86981 /* CanSettingView.h */ = {isa = PBXFileReference; fileEncoding = 4; lastKnownFileType = sourcecode.c.h; path = CanSettingView.h; sourceTree = "<group>"; };
		ADC05BBA1F9DB9E100C86981 /* CanSettingView.m */ = {isa = PBXFileReference; fileEncoding = 4; lastKnownFileType = sourcecode.c.objc; path = CanSettingView.m; sourceTree = "<group>"; };
		ADC05BBC1F9DB9F400C86981 /* CanSettingView.xib */ = {isa = PBXFileReference; fileEncoding = 4; lastKnownFileType = file.xib; path = CanSettingView.xib; sourceTree = "<group>"; };
		ADC05BBE1F9DC0B500C86981 /* I2CSettingView.xib */ = {isa = PBXFileReference; fileEncoding = 4; lastKnownFileType = file.xib; path = I2CSettingView.xib; sourceTree = "<group>"; };
		ADC05BC01F9DC0CF00C86981 /* I2CSettingView.h */ = {isa = PBXFileReference; fileEncoding = 4; lastKnownFileType = sourcecode.c.h; path = I2CSettingView.h; sourceTree = "<group>"; };
		ADC05BC11F9DC0CF00C86981 /* I2CSettingView.m */ = {isa = PBXFileReference; fileEncoding = 4; lastKnownFileType = sourcecode.c.objc; path = I2CSettingView.m; sourceTree = "<group>"; };
		ADC05BC31F9DD7A800C86981 /* SpiSettingView.h */ = {isa = PBXFileReference; fileEncoding = 4; lastKnownFileType = sourcecode.c.h; path = SpiSettingView.h; sourceTree = "<group>"; };
		ADC05BC41F9DD7A800C86981 /* SpiSettingView.m */ = {isa = PBXFileReference; fileEncoding = 4; lastKnownFileType = sourcecode.c.objc; path = SpiSettingView.m; sourceTree = "<group>"; };
		ADC05BC61F9DD7BC00C86981 /* SpiSettingView.xib */ = {isa = PBXFileReference; fileEncoding = 4; lastKnownFileType = file.xib; path = SpiSettingView.xib; sourceTree = "<group>"; };
		ADC05C391FA1C4DF00C86981 /* SendCanDataParamView.h */ = {isa = PBXFileReference; fileEncoding = 4; lastKnownFileType = sourcecode.c.h; path = SendCanDataParamView.h; sourceTree = "<group>"; };
		ADC05C3A1FA1C4DF00C86981 /* SendCanDataParamView.m */ = {isa = PBXFileReference; fileEncoding = 4; lastKnownFileType = sourcecode.c.objc; path = SendCanDataParamView.m; sourceTree = "<group>"; };
		ADC05C3C1FA1C4EE00C86981 /* SendCanDataParamView.xib */ = {isa = PBXFileReference; fileEncoding = 4; lastKnownFileType = file.xib; path = SendCanDataParamView.xib; sourceTree = "<group>"; };
		ADC05C3E1FA1CAB500C86981 /* SendI2cDataParamView.h */ = {isa = PBXFileReference; fileEncoding = 4; lastKnownFileType = sourcecode.c.h; path = SendI2cDataParamView.h; sourceTree = "<group>"; };
		ADC05C3F1FA1CAB500C86981 /* SendI2cDataParamView.m */ = {isa = PBXFileReference; fileEncoding = 4; lastKnownFileType = sourcecode.c.objc; path = SendI2cDataParamView.m; sourceTree = "<group>"; };
		ADC05C411FA1CAC900C86981 /* SendI2cDataParamView.xib */ = {isa = PBXFileReference; fileEncoding = 4; lastKnownFileType = file.xib; path = SendI2cDataParamView.xib; sourceTree = "<group>"; };
		ADC05C431FA1E34700C86981 /* CanFilterSettingView.h */ = {isa = PBXFileReference; fileEncoding = 4; lastKnownFileType = sourcecode.c.h; path = CanFilterSettingView.h; sourceTree = "<group>"; };
		ADC05C441FA1E34700C86981 /* CanFilterSettingView.m */ = {isa = PBXFileReference; fileEncoding = 4; lastKnownFileType = sourcecode.c.objc; path = CanFilterSettingView.m; sourceTree = "<group>"; };
		ADC05C461FA1E35700C86981 /* CanFilterSettingView.xib */ = {isa = PBXFileReference; fileEncoding = 4; lastKnownFileType = file.xib; path = CanFilterSettingView.xib; sourceTree = "<group>"; };
		ADC05C4E1FA3392E00C86981 /* GpioSettingView.h */ = {isa = PBXFileReference; fileEncoding = 4; lastKnownFileType = sourcecode.c.h; path = GpioSettingView.h; sourceTree = "<group>"; };
		ADC05C4F1FA3392E00C86981 /* GpioSettingView.m */ = {isa = PBXFileReference; fileEncoding = 4; lastKnownFileType = sourcecode.c.objc; path = GpioSettingView.m; sourceTree = "<group>"; };
		ADC05C511FA3393E00C86981 /* GpioSettingView.xib */ = {isa = PBXFileReference; fileEncoding = 4; lastKnownFileType = file.xib; path = GpioSettingView.xib; sourceTree = "<group>"; };
		ADC05C811FA7168700C86981 /* ReadI2cDataParamView.h */ = {isa = PBXFileReference; fileEncoding = 4; lastKnownFileType = sourcecode.c.h; path = ReadI2cDataParamView.h; sourceTree = "<group>"; };
		ADC05C821FA7168700C86981 /* ReadI2cDataParamView.m */ = {isa = PBXFileReference; fileEncoding = 4; lastKnownFileType = sourcecode.c.objc; path = ReadI2cDataParamView.m; sourceTree = "<group>"; };
		ADC05C841FA7169E00C86981 /* ReadSpiDataParamView.h */ = {isa = PBXFileReference; fileEncoding = 4; lastKnownFileType = sourcecode.c.h; path = ReadSpiDataParamView.h; sourceTree = "<group>"; };
		ADC05C851FA7169E00C86981 /* ReadSpiDataParamView.m */ = {isa = PBXFileReference; fileEncoding = 4; lastKnownFileType = sourcecode.c.objc; path = ReadSpiDataParamView.m; sourceTree = "<group>"; };
		ADC05C871FA716AF00C86981 /* ReadI2cDataParamView.xib */ = {isa = PBXFileReference; fileEncoding = 4; lastKnownFileType = file.xib; path = ReadI2cDataParamView.xib; sourceTree = "<group>"; };
		ADC05C891FA716B900C86981 /* ReadSpiDataParamView.xib */ = {isa = PBXFileReference; fileEncoding = 4; lastKnownFileType = file.xib; path = ReadSpiDataParamView.xib; sourceTree = "<group>"; };
		ADC257851F8F3EBE00418881 /* PVSDK_Demo.app */ = {isa = PBXFileReference; explicitFileType = wrapper.application; includeInIndex = 0; path = PVSDK_Demo.app; sourceTree = BUILT_PRODUCTS_DIR; };
		ADC257891F8F3EBE00418881 /* main.m */ = {isa = PBXFileReference; lastKnownFileType = sourcecode.c.objc; path = main.m; sourceTree = "<group>"; };
		ADC2578B1F8F3EBE00418881 /* AppDelegate.h */ = {isa = PBXFileReference; lastKnownFileType = sourcecode.c.h; path = AppDelegate.h; sourceTree = "<group>"; };
		ADC2578C1F8F3EBE00418881 /* AppDelegate.m */ = {isa = PBXFileReference; lastKnownFileType = sourcecode.c.objc; path = AppDelegate.m; sourceTree = "<group>"; };
		ADC257921F8F3EBF00418881 /* Base */ = {isa = PBXFileReference; lastKnownFileType = file.storyboard; name = Base; path = Base.lproj/Main.storyboard; sourceTree = "<group>"; };
		ADC257941F8F3EBF00418881 /* Assets.xcassets */ = {isa = PBXFileReference; lastKnownFileType = folder.assetcatalog; path = Assets.xcassets; sourceTree = "<group>"; };
		ADC257971F8F3EBF00418881 /* Base */ = {isa = PBXFileReference; lastKnownFileType = file.storyboard; name = Base; path = Base.lproj/LaunchScreen.storyboard; sourceTree = "<group>"; };
		ADC257991F8F3EBF00418881 /* Info.plist */ = {isa = PBXFileReference; lastKnownFileType = text.plist.xml; path = Info.plist; sourceTree = "<group>"; };
		ADC2579E1F8F3EBF00418881 /* PVSDK_DemoTests.xctest */ = {isa = PBXFileReference; explicitFileType = wrapper.cfbundle; includeInIndex = 0; path = PVSDK_DemoTests.xctest; sourceTree = BUILT_PRODUCTS_DIR; };
		ADC257A21F8F3EBF00418881 /* PVSDK_DemoTests.m */ = {isa = PBXFileReference; lastKnownFileType = sourcecode.c.objc; path = PVSDK_DemoTests.m; sourceTree = "<group>"; };
		ADC257A41F8F3EBF00418881 /* Info.plist */ = {isa = PBXFileReference; lastKnownFileType = text.plist.xml; path = Info.plist; sourceTree = "<group>"; };
		ADC257A91F8F3EBF00418881 /* PVSDK_DemoUITests.xctest */ = {isa = PBXFileReference; explicitFileType = wrapper.cfbundle; includeInIndex = 0; path = PVSDK_DemoUITests.xctest; sourceTree = BUILT_PRODUCTS_DIR; };
		ADC257AD1F8F3EBF00418881 /* PVSDK_DemoUITests.m */ = {isa = PBXFileReference; lastKnownFileType = sourcecode.c.objc; path = PVSDK_DemoUITests.m; sourceTree = "<group>"; };
		ADC257AF1F8F3EBF00418881 /* Info.plist */ = {isa = PBXFileReference; lastKnownFileType = text.plist.xml; path = Info.plist; sourceTree = "<group>"; };
		ADC257BD1F8F610500418881 /* dropdownMenu_cornerIcon.png */ = {isa = PBXFileReference; lastKnownFileType = image.png; path = dropdownMenu_cornerIcon.png; sourceTree = "<group>"; };
		ADC257BE1F8F610500418881 /* LMJDropdownMenu.h */ = {isa = PBXFileReference; fileEncoding = 4; lastKnownFileType = sourcecode.c.h; path = LMJDropdownMenu.h; sourceTree = "<group>"; };
		ADC257BF1F8F610500418881 /* LMJDropdownMenu.m */ = {isa = PBXFileReference; fileEncoding = 4; lastKnownFileType = sourcecode.c.objc; path = LMJDropdownMenu.m; sourceTree = "<group>"; };
		ADC257C21F8F62D000418881 /* Podfile */ = {isa = PBXFileReference; fileEncoding = 4; lastKnownFileType = text; path = Podfile; sourceTree = "<group>"; xcLanguageSpecificationIdentifier = xcode.lang.ruby; };
		ADC257D11F8F82A700418881 /* libc++.tbd */ = {isa = PBXFileReference; lastKnownFileType = "sourcecode.text-based-dylib-definition"; name = "libc++.tbd"; path = "usr/lib/libc++.tbd"; sourceTree = SDKROOT; };
		ADC2589C1F9455EC00418881 /* UartSettingView.h */ = {isa = PBXFileReference; fileEncoding = 4; lastKnownFileType = sourcecode.c.h; path = UartSettingView.h; sourceTree = "<group>"; };
		ADC2589D1F9455EC00418881 /* UartSettingView.m */ = {isa = PBXFileReference; fileEncoding = 4; lastKnownFileType = sourcecode.c.objc; path = UartSettingView.m; sourceTree = "<group>"; };
		ADC2589F1F9455FF00418881 /* UartSettingView.xib */ = {isa = PBXFileReference; fileEncoding = 4; lastKnownFileType = file.xib; path = UartSettingView.xib; sourceTree = "<group>"; };
		ADC258A41F94669C00418881 /* UIView+Size.h */ = {isa = PBXFileReference; fileEncoding = 4; lastKnownFileType = sourcecode.c.h; path = "UIView+Size.h"; sourceTree = "<group>"; };
		ADC258A51F94669C00418881 /* UIView+Size.m */ = {isa = PBXFileReference; fileEncoding = 4; lastKnownFileType = sourcecode.c.objc; path = "UIView+Size.m"; sourceTree = "<group>"; };
		AFC0D37D64375F3BAB129B63 /* Pods-PVSDK_Demo.release.xcconfig */ = {isa = PBXFileReference; includeInIndex = 1; lastKnownFileType = text.xcconfig; name = "Pods-PVSDK_Demo.release.xcconfig"; path = "Pods/Target Support Files/Pods-PVSDK_Demo/Pods-PVSDK_Demo.release.xcconfig"; sourceTree = "<group>"; };
		D61FD7D405CF23A5560576BE /* libPods-PVSDK_Demo.a */ = {isa = PBXFileReference; explicitFileType = archive.ar; includeInIndex = 0; path = "libPods-PVSDK_Demo.a"; sourceTree = BUILT_PRODUCTS_DIR; };
/* End PBXFileReference section */

/* Begin PBXFrameworksBuildPhase section */
		ADC257821F8F3EBE00418881 /* Frameworks */ = {
			isa = PBXFrameworksBuildPhase;
			buildActionMask = 2147483647;
			files = (
				86CFD6E81FD0EDF300625FBE /* VFLibrary.framework in Frameworks */,
				86598F7E1FCD644B000BFCE8 /* PVSDK.framework in Frameworks */,
				8680565F1FC8666E00E1CDC4 /* VideoToolbox.framework in Frameworks */,
				ADC257D21F8F82A700418881 /* libc++.tbd in Frameworks */,
				8DC72A3E39B8110A7B24B250 /* libPods-PVSDK_Demo.a in Frameworks */,
			);
			runOnlyForDeploymentPostprocessing = 0;
		};
		ADC2579B1F8F3EBF00418881 /* Frameworks */ = {
			isa = PBXFrameworksBuildPhase;
			buildActionMask = 2147483647;
			files = (
			);
			runOnlyForDeploymentPostprocessing = 0;
		};
		ADC257A61F8F3EBF00418881 /* Frameworks */ = {
			isa = PBXFrameworksBuildPhase;
			buildActionMask = 2147483647;
			files = (
			);
			runOnlyForDeploymentPostprocessing = 0;
		};
/* End PBXFrameworksBuildPhase section */

/* Begin PBXGroup section */
		35A861AE54315CF4312783FB /* Pods */ = {
			isa = PBXGroup;
			children = (
				62FBD8C81F5949C340CB6738 /* Pods-PVSDK_Demo.debug.xcconfig */,
				AFC0D37D64375F3BAB129B63 /* Pods-PVSDK_Demo.release.xcconfig */,
			);
			name = Pods;
			sourceTree = "<group>";
		};
		75D83CAA1EE3D167C4B0A7E2 /* Frameworks */ = {
			isa = PBXGroup;
			children = (
				86CFD6E71FD0EDF300625FBE /* VFLibrary.framework */,
				86598F7D1FCD644B000BFCE8 /* PVSDK.framework */,
				868056631FC8672D00E1CDC4 /* libz.tbd */,
				8680565D1FC7F86800E1CDC4 /* VideoToolbox.framework */,
				8680565B1FC7F83D00E1CDC4 /* libiconv.tbd */,
				868056591FC7F83100E1CDC4 /* CoreVideo.framework */,
				868056571FC7F82300E1CDC4 /* libstdc++.tbd */,
				ADC257D11F8F82A700418881 /* libc++.tbd */,
				D61FD7D405CF23A5560576BE /* libPods-PVSDK_Demo.a */,
			);
			name = Frameworks;
			sourceTree = "<group>";
		};
		86632C8F1FD29E8F0077CCD8 /* BatterViewController */ = {
			isa = PBXGroup;
			children = (
				86632C911FD29EC20077CCD8 /* Controllers */,
				86632C921FD29EC20077CCD8 /* Models */,
				86632C931FD29EC20077CCD8 /* Views */,
			);
			path = BatterViewController;
			sourceTree = "<group>";
		};
		86632C901FD29E8F0077CCD8 /* RemoteViewController */ = {
			isa = PBXGroup;
			children = (
				86632C941FD29ECA0077CCD8 /* Controllers */,
				86632C951FD29ECA0077CCD8 /* Models */,
				86632C961FD29ECA0077CCD8 /* Views */,
			);
			path = RemoteViewController;
			sourceTree = "<group>";
		};
		86632C911FD29EC20077CCD8 /* Controllers */ = {
			isa = PBXGroup;
			children = (
				86632CA91FD29F210077CCD8 /* BatterViewController.h */,
				86632CAA1FD29F210077CCD8 /* BatterViewController.m */,
			);
			path = Controllers;
			sourceTree = "<group>";
		};
		86632C921FD29EC20077CCD8 /* Models */ = {
			isa = PBXGroup;
			children = (
			);
			path = Models;
			sourceTree = "<group>";
		};
		86632C931FD29EC20077CCD8 /* Views */ = {
			isa = PBXGroup;
			children = (
			);
			path = Views;
			sourceTree = "<group>";
		};
		86632C941FD29ECA0077CCD8 /* Controllers */ = {
			isa = PBXGroup;
			children = (
				86632CA61FD29F080077CCD8 /* RemoteViewController.h */,
				86632CA71FD29F080077CCD8 /* RemoteViewController.m */,
				86632CB21FD2A0D40077CCD8 /* RemoteModeViewController.h */,
				86632CB31FD2A0D40077CCD8 /* RemoteModeViewController.m */,
			);
			path = Controllers;
			sourceTree = "<group>";
		};
		86632C951FD29ECA0077CCD8 /* Models */ = {
			isa = PBXGroup;
			children = (
			);
			path = Models;
			sourceTree = "<group>";
		};
		86632C961FD29ECA0077CCD8 /* Views */ = {
			isa = PBXGroup;
			children = (
			);
			path = Views;
			sourceTree = "<group>";
		};
		86632C971FD29EEB0077CCD8 /* Controllers */ = {
			isa = PBXGroup;
			children = (
				86632C9C1FD29EEB0077CCD8 /* CameraSettingVC.h */,
				86632C9D1FD29EEB0077CCD8 /* CameraSettingVC.m */,
				86632C981FD29EEB0077CCD8 /* CameraSettingParameterVC.h */,
				86632C991FD29EEB0077CCD8 /* CameraSettingParameterVC.m */,
				86632C9A1FD29EEB0077CCD8 /* CameraSettingValueVC.h */,
				86632C9B1FD29EEB0077CCD8 /* CameraSettingValueVC.m */,
			);
			path = Controllers;
			sourceTree = "<group>";
		};
		86632CA01FD29EEB0077CCD8 /* Models */ = {
			isa = PBXGroup;
			children = (
			);
			path = Models;
			sourceTree = "<group>";
		};
		86632CA11FD29EEB0077CCD8 /* Views */ = {
			isa = PBXGroup;
			children = (
			);
			path = Views;
			sourceTree = "<group>";
		};
		86632CAC1FD29F4C0077CCD8 /* Controllers */ = {
			isa = PBXGroup;
			children = (
				86632CAD1FD29F4C0077CCD8 /* MountViewController.h */,
				86632CAE1FD29F4C0077CCD8 /* MountViewController.m */,
			);
			path = Controllers;
			sourceTree = "<group>";
		};
		86632CAF1FD29F4C0077CCD8 /* Models */ = {
			isa = PBXGroup;
			children = (
			);
			path = Models;
			sourceTree = "<group>";
		};
		86632CB01FD29F4C0077CCD8 /* Views */ = {
			isa = PBXGroup;
			children = (
			);
			path = Views;
			sourceTree = "<group>";
		};
		86632CB51FD2A1DD0077CCD8 /* FlightViewController */ = {
			isa = PBXGroup;
			children = (
				86632CB61FD2A1DD0077CCD8 /* Controllers */,
				86632CB91FD2A1DD0077CCD8 /* Models */,
				86632CBA1FD2A1DD0077CCD8 /* Views */,
			);
			path = FlightViewController;
			sourceTree = "<group>";
		};
		86632CB61FD2A1DD0077CCD8 /* Controllers */ = {
			isa = PBXGroup;
			children = (
				86632CB71FD2A1DD0077CCD8 /* FlightViewController.h */,
				86632CB81FD2A1DD0077CCD8 /* FlightViewController.m */,
			);
			path = Controllers;
			sourceTree = "<group>";
		};
		86632CB91FD2A1DD0077CCD8 /* Models */ = {
			isa = PBXGroup;
			children = (
			);
			path = Models;
			sourceTree = "<group>";
		};
		86632CBA1FD2A1DD0077CCD8 /* Views */ = {
			isa = PBXGroup;
			children = (
			);
			path = Views;
			sourceTree = "<group>";
		};
		8670DAC61FC8F84900FAB09B /* PVSDK */ = {
			isa = PBXGroup;
			children = (
				86CFD6D61FCD839B00625FBE /* PVSDK_VideoStream */,
			);
			path = PVSDK;
			sourceTree = "<group>";
		};
		8670DAD61FC8FEC100FAB09B /* CameraViewController */ = {
			isa = PBXGroup;
			children = (
				86632C971FD29EEB0077CCD8 /* Controllers */,
				86632CA01FD29EEB0077CCD8 /* Models */,
				86632CA11FD29EEB0077CCD8 /* Views */,
			);
			path = CameraViewController;
			sourceTree = "<group>";
		};
		86CFD6D61FCD839B00625FBE /* PVSDK_VideoStream */ = {
			isa = PBXGroup;
			children = (
				86CFD6D71FCD839B00625FBE /* PVSDK_UIUtils.h */,
				86CFD6D81FCD839B00625FBE /* PVSDK_UIUtils.m */,
				86CFD6D91FCD839B00625FBE /* PVSDK_VideoStreamHeader.h */,
				86CFD6DA1FCD839B00625FBE /* PVSDK_VideoStreamView.h */,
				86CFD6DB1FCD839B00625FBE /* PVSDK_VideoStreamView.m */,
			);
			path = PVSDK_VideoStream;
			sourceTree = "<group>";
		};
		86CFD6E01FCE746F00625FBE /* MountViewController */ = {
			isa = PBXGroup;
			children = (
				86632CAC1FD29F4C0077CCD8 /* Controllers */,
				86632CAF1FD29F4C0077CCD8 /* Models */,
				86632CB01FD29F4C0077CCD8 /* Views */,
			);
			path = MountViewController;
			sourceTree = "<group>";
		};
		ADC05C371FA1C45600C86981 /* SettingView */ = {
			isa = PBXGroup;
			children = (
				ADC2589C1F9455EC00418881 /* UartSettingView.h */,
				ADC2589D1F9455EC00418881 /* UartSettingView.m */,
				ADC2589F1F9455FF00418881 /* UartSettingView.xib */,
				ADC05BB91F9DB9E100C86981 /* CanSettingView.h */,
				ADC05BBA1F9DB9E100C86981 /* CanSettingView.m */,
				ADC05BBC1F9DB9F400C86981 /* CanSettingView.xib */,
				ADC05C431FA1E34700C86981 /* CanFilterSettingView.h */,
				ADC05C441FA1E34700C86981 /* CanFilterSettingView.m */,
				ADC05C461FA1E35700C86981 /* CanFilterSettingView.xib */,
				ADC05BC01F9DC0CF00C86981 /* I2CSettingView.h */,
				ADC05BC11F9DC0CF00C86981 /* I2CSettingView.m */,
				ADC05BBE1F9DC0B500C86981 /* I2CSettingView.xib */,
				ADC05BC31F9DD7A800C86981 /* SpiSettingView.h */,
				ADC05BC41F9DD7A800C86981 /* SpiSettingView.m */,
				ADC05BC61F9DD7BC00C86981 /* SpiSettingView.xib */,
				ADC05C4E1FA3392E00C86981 /* GpioSettingView.h */,
				ADC05C4F1FA3392E00C86981 /* GpioSettingView.m */,
				ADC05C511FA3393E00C86981 /* GpioSettingView.xib */,
			);
			name = SettingView;
			sourceTree = "<group>";
		};
		ADC05C381FA1C4A900C86981 /* SendParamView */ = {
			isa = PBXGroup;
			children = (
				ADC05C391FA1C4DF00C86981 /* SendCanDataParamView.h */,
				ADC05C3A1FA1C4DF00C86981 /* SendCanDataParamView.m */,
				ADC05C3C1FA1C4EE00C86981 /* SendCanDataParamView.xib */,
				ADC05C3E1FA1CAB500C86981 /* SendI2cDataParamView.h */,
				ADC05C3F1FA1CAB500C86981 /* SendI2cDataParamView.m */,
				ADC05C411FA1CAC900C86981 /* SendI2cDataParamView.xib */,
			);
			name = SendParamView;
			sourceTree = "<group>";
		};
		ADC05C801FA7164500C86981 /* ReadParamView */ = {
			isa = PBXGroup;
			children = (
				ADC05C811FA7168700C86981 /* ReadI2cDataParamView.h */,
				ADC05C821FA7168700C86981 /* ReadI2cDataParamView.m */,
				ADC05C871FA716AF00C86981 /* ReadI2cDataParamView.xib */,
				ADC05C841FA7169E00C86981 /* ReadSpiDataParamView.h */,
				ADC05C851FA7169E00C86981 /* ReadSpiDataParamView.m */,
				ADC05C891FA716B900C86981 /* ReadSpiDataParamView.xib */,
			);
			name = ReadParamView;
			sourceTree = "<group>";
		};
		ADC2577C1F8F3EBE00418881 = {
			isa = PBXGroup;
			children = (
				ADC257C21F8F62D000418881 /* Podfile */,
				ADC257871F8F3EBE00418881 /* PVSDK_Demo */,
				ADC257A11F8F3EBF00418881 /* PVSDK_DemoTests */,
				ADC257AC1F8F3EBF00418881 /* PVSDK_DemoUITests */,
				ADC257861F8F3EBE00418881 /* Products */,
				35A861AE54315CF4312783FB /* Pods */,
				75D83CAA1EE3D167C4B0A7E2 /* Frameworks */,
			);
			sourceTree = "<group>";
		};
		ADC257861F8F3EBE00418881 /* Products */ = {
			isa = PBXGroup;
			children = (
				ADC257851F8F3EBE00418881 /* PVSDK_Demo.app */,
				ADC2579E1F8F3EBF00418881 /* PVSDK_DemoTests.xctest */,
				ADC257A91F8F3EBF00418881 /* PVSDK_DemoUITests.xctest */,
			);
			name = Products;
			sourceTree = "<group>";
		};
		ADC257871F8F3EBE00418881 /* PVSDK_Demo */ = {
			isa = PBXGroup;
			children = (
				8670DAC61FC8F84900FAB09B /* PVSDK */,
				ADC2589B1F9455D200418881 /* View */,
				ADC257BB1F8F60E600418881 /* ThirdLibary */,
				ADC2578B1F8F3EBE00418881 /* AppDelegate.h */,
				ADC2578C1F8F3EBE00418881 /* AppDelegate.m */,
				8680563D1FC7F77800E1CDC4 /* MainViewController.h */,
				8680563E1FC7F77800E1CDC4 /* MainViewController.m */,
				86632CB51FD2A1DD0077CCD8 /* FlightViewController */,
				8670DAD61FC8FEC100FAB09B /* CameraViewController */,
				86632C8F1FD29E8F0077CCD8 /* BatterViewController */,
				86632C901FD29E8F0077CCD8 /* RemoteViewController */,
				86CFD6E01FCE746F00625FBE /* MountViewController */,
				ADC257911F8F3EBF00418881 /* Main.storyboard */,
				ADC257941F8F3EBF00418881 /* Assets.xcassets */,
				ADC257961F8F3EBF00418881 /* LaunchScreen.storyboard */,
				ADC257991F8F3EBF00418881 /* Info.plist */,
				ADC257881F8F3EBE00418881 /* Supporting Files */,
			);
			path = PVSDK_Demo;
			sourceTree = "<group>";
		};
		ADC257881F8F3EBE00418881 /* Supporting Files */ = {
			isa = PBXGroup;
			children = (
				ADC257891F8F3EBE00418881 /* main.m */,
				86CFD6E41FCE759900625FBE /* PrefixHeader.pch */,
			);
			name = "Supporting Files";
			sourceTree = "<group>";
		};
		ADC257A11F8F3EBF00418881 /* PVSDK_DemoTests */ = {
			isa = PBXGroup;
			children = (
				ADC257A21F8F3EBF00418881 /* PVSDK_DemoTests.m */,
				ADC257A41F8F3EBF00418881 /* Info.plist */,
			);
			path = PVSDK_DemoTests;
			sourceTree = "<group>";
		};
		ADC257AC1F8F3EBF00418881 /* PVSDK_DemoUITests */ = {
			isa = PBXGroup;
			children = (
				ADC257AD1F8F3EBF00418881 /* PVSDK_DemoUITests.m */,
				ADC257AF1F8F3EBF00418881 /* Info.plist */,
			);
			path = PVSDK_DemoUITests;
			sourceTree = "<group>";
		};
		ADC257BB1F8F60E600418881 /* ThirdLibary */ = {
			isa = PBXGroup;
			children = (
				ADC258A31F94669C00418881 /* Category */,
				ADC257BC1F8F610500418881 /* LMJDropdownMenu */,
			);
			path = ThirdLibary;
			sourceTree = "<group>";
		};
		ADC257BC1F8F610500418881 /* LMJDropdownMenu */ = {
			isa = PBXGroup;
			children = (
				ADC257BD1F8F610500418881 /* dropdownMenu_cornerIcon.png */,
				ADC257BE1F8F610500418881 /* LMJDropdownMenu.h */,
				ADC257BF1F8F610500418881 /* LMJDropdownMenu.m */,
			);
			path = LMJDropdownMenu;
			sourceTree = "<group>";
		};
		ADC2589B1F9455D200418881 /* View */ = {
			isa = PBXGroup;
			children = (
				ADC05C801FA7164500C86981 /* ReadParamView */,
				ADC05C381FA1C4A900C86981 /* SendParamView */,
				ADC05C371FA1C45600C86981 /* SettingView */,
			);
			path = View;
			sourceTree = "<group>";
		};
		ADC258A31F94669C00418881 /* Category */ = {
			isa = PBXGroup;
			children = (
				ADC258A41F94669C00418881 /* UIView+Size.h */,
				ADC258A51F94669C00418881 /* UIView+Size.m */,
			);
			path = Category;
			sourceTree = "<group>";
		};
/* End PBXGroup section */

/* Begin PBXNativeTarget section */
		ADC257841F8F3EBE00418881 /* PVSDK_Demo */ = {
			isa = PBXNativeTarget;
			buildConfigurationList = ADC257B21F8F3EBF00418881 /* Build configuration list for PBXNativeTarget "PVSDK_Demo" */;
			buildPhases = (
				8B12872DD87ADE2F20763AB2 /* [CP] Check Pods Manifest.lock */,
				ADC257811F8F3EBE00418881 /* Sources */,
				ADC257821F8F3EBE00418881 /* Frameworks */,
				ADC257831F8F3EBE00418881 /* Resources */,
				4B95FF717C6BE1C989A1AF37 /* [CP] Embed Pods Frameworks */,
				A3D44E615DE38566692210EB /* [CP] Copy Pods Resources */,
			);
			buildRules = (
			);
			dependencies = (
			);
			name = PVSDK_Demo;
			productName = PVSDK_Demo;
			productReference = ADC257851F8F3EBE00418881 /* PVSDK_Demo.app */;
			productType = "com.apple.product-type.application";
		};
		ADC2579D1F8F3EBF00418881 /* PVSDK_DemoTests */ = {
			isa = PBXNativeTarget;
			buildConfigurationList = ADC257B51F8F3EBF00418881 /* Build configuration list for PBXNativeTarget "PVSDK_DemoTests" */;
			buildPhases = (
				ADC2579A1F8F3EBF00418881 /* Sources */,
				ADC2579B1F8F3EBF00418881 /* Frameworks */,
				ADC2579C1F8F3EBF00418881 /* Resources */,
			);
			buildRules = (
			);
			dependencies = (
				ADC257A01F8F3EBF00418881 /* PBXTargetDependency */,
			);
			name = PVSDK_DemoTests;
			productName = PVSDK_DemoTests;
			productReference = ADC2579E1F8F3EBF00418881 /* PVSDK_DemoTests.xctest */;
			productType = "com.apple.product-type.bundle.unit-test";
		};
		ADC257A81F8F3EBF00418881 /* PVSDK_DemoUITests */ = {
			isa = PBXNativeTarget;
			buildConfigurationList = ADC257B81F8F3EBF00418881 /* Build configuration list for PBXNativeTarget "PVSDK_DemoUITests" */;
			buildPhases = (
				ADC257A51F8F3EBF00418881 /* Sources */,
				ADC257A61F8F3EBF00418881 /* Frameworks */,
				ADC257A71F8F3EBF00418881 /* Resources */,
			);
			buildRules = (
			);
			dependencies = (
				ADC257AB1F8F3EBF00418881 /* PBXTargetDependency */,
			);
			name = PVSDK_DemoUITests;
			productName = PVSDK_DemoUITests;
			productReference = ADC257A91F8F3EBF00418881 /* PVSDK_DemoUITests.xctest */;
			productType = "com.apple.product-type.bundle.ui-testing";
		};
/* End PBXNativeTarget section */

/* Begin PBXProject section */
		ADC2577D1F8F3EBE00418881 /* Project object */ = {
			isa = PBXProject;
			attributes = {
				CLASSPREFIX = PVSDK_;
				LastUpgradeCheck = 0820;
				ORGANIZATIONNAME = PowerVision;
				TargetAttributes = {
					ADC257841F8F3EBE00418881 = {
						CreatedOnToolsVersion = 8.2.1;
						DevelopmentTeam = 23CNQ6K9TW;
						ProvisioningStyle = Automatic;
					};
					ADC2579D1F8F3EBF00418881 = {
						CreatedOnToolsVersion = 8.2.1;
						DevelopmentTeam = 23CNQ6K9TW;
						ProvisioningStyle = Automatic;
						TestTargetID = ADC257841F8F3EBE00418881;
					};
					ADC257A81F8F3EBF00418881 = {
						CreatedOnToolsVersion = 8.2.1;
						DevelopmentTeam = 23CNQ6K9TW;
						ProvisioningStyle = Automatic;
						TestTargetID = ADC257841F8F3EBE00418881;
					};
				};
			};
			buildConfigurationList = ADC257801F8F3EBE00418881 /* Build configuration list for PBXProject "PVSDK_Demo" */;
			compatibilityVersion = "Xcode 3.2";
			developmentRegion = English;
			hasScannedForEncodings = 0;
			knownRegions = (
				en,
				Base,
			);
			mainGroup = ADC2577C1F8F3EBE00418881;
			productRefGroup = ADC257861F8F3EBE00418881 /* Products */;
			projectDirPath = "";
			projectRoot = "";
			targets = (
				ADC257841F8F3EBE00418881 /* PVSDK_Demo */,
				ADC2579D1F8F3EBF00418881 /* PVSDK_DemoTests */,
				ADC257A81F8F3EBF00418881 /* PVSDK_DemoUITests */,
			);
		};
/* End PBXProject section */

/* Begin PBXResourcesBuildPhase section */
		ADC257831F8F3EBE00418881 /* Resources */ = {
			isa = PBXResourcesBuildPhase;
			buildActionMask = 2147483647;
			files = (
				ADC05BBD1F9DB9F400C86981 /* CanSettingView.xib in Resources */,
				ADC257C31F8F62D000418881 /* Podfile in Resources */,
				ADC05C471FA1E35700C86981 /* CanFilterSettingView.xib in Resources */,
				ADC05BBF1F9DC0B500C86981 /* I2CSettingView.xib in Resources */,
				ADC258A01F9455FF00418881 /* UartSettingView.xib in Resources */,
				ADC05C881FA716AF00C86981 /* ReadI2cDataParamView.xib in Resources */,
				ADC05C8A1FA716B900C86981 /* ReadSpiDataParamView.xib in Resources */,
				ADC05BC71F9DD7BC00C86981 /* SpiSettingView.xib in Resources */,
				ADC05C3D1FA1C4EE00C86981 /* SendCanDataParamView.xib in Resources */,
				ADC257981F8F3EBF00418881 /* LaunchScreen.storyboard in Resources */,
				ADC05C521FA3393E00C86981 /* GpioSettingView.xib in Resources */,
				ADC257C01F8F610500418881 /* dropdownMenu_cornerIcon.png in Resources */,
				ADC257951F8F3EBF00418881 /* Assets.xcassets in Resources */,
				ADC257931F8F3EBF00418881 /* Main.storyboard in Resources */,
				ADC05C421FA1CAC900C86981 /* SendI2cDataParamView.xib in Resources */,
			);
			runOnlyForDeploymentPostprocessing = 0;
		};
		ADC2579C1F8F3EBF00418881 /* Resources */ = {
			isa = PBXResourcesBuildPhase;
			buildActionMask = 2147483647;
			files = (
			);
			runOnlyForDeploymentPostprocessing = 0;
		};
		ADC257A71F8F3EBF00418881 /* Resources */ = {
			isa = PBXResourcesBuildPhase;
			buildActionMask = 2147483647;
			files = (
			);
			runOnlyForDeploymentPostprocessing = 0;
		};
/* End PBXResourcesBuildPhase section */

/* Begin PBXShellScriptBuildPhase section */
		4B95FF717C6BE1C989A1AF37 /* [CP] Embed Pods Frameworks */ = {
			isa = PBXShellScriptBuildPhase;
			buildActionMask = 2147483647;
			files = (
			);
			inputPaths = (
				"${SRCROOT}/Pods/Target Support Files/Pods-PVSDK_Demo/Pods-PVSDK_Demo-frameworks.sh",
				"${PODS_ROOT}/DJI-SDK-iOS/iOS_Mobile_SDK/DJISDK.framework",
			);
			name = "[CP] Embed Pods Frameworks";
			outputPaths = (
				"${TARGET_BUILD_DIR}/${FRAMEWORKS_FOLDER_PATH}/DJISDK.framework",
			);
			runOnlyForDeploymentPostprocessing = 0;
			shellPath = /bin/sh;
			shellScript = "\"${SRCROOT}/Pods/Target Support Files/Pods-PVSDK_Demo/Pods-PVSDK_Demo-frameworks.sh\"\n";
			showEnvVarsInLog = 0;
		};
		8B12872DD87ADE2F20763AB2 /* [CP] Check Pods Manifest.lock */ = {
			isa = PBXShellScriptBuildPhase;
			buildActionMask = 2147483647;
			files = (
			);
			inputPaths = (
				"${PODS_PODFILE_DIR_PATH}/Podfile.lock",
				"${PODS_ROOT}/Manifest.lock",
			);
			name = "[CP] Check Pods Manifest.lock";
			outputPaths = (
				"$(DERIVED_FILE_DIR)/Pods-PVSDK_Demo-checkManifestLockResult.txt",
			);
			runOnlyForDeploymentPostprocessing = 0;
			shellPath = /bin/sh;
			shellScript = "diff \"${PODS_ROOT}/../Podfile.lock\" \"${PODS_ROOT}/Manifest.lock\" > /dev/null\nif [ $? != 0 ] ; then\n    # print error to STDERR\n    echo \"error: The sandbox is not in sync with the Podfile.lock. Run 'pod install' or update your CocoaPods installation.\" >&2\n    exit 1\nfi\n";
			showEnvVarsInLog = 0;
		};
		A3D44E615DE38566692210EB /* [CP] Copy Pods Resources */ = {
			isa = PBXShellScriptBuildPhase;
			buildActionMask = 2147483647;
			files = (
			);
			inputPaths = (
				"${SRCROOT}/Pods/Target Support Files/Pods-PVSDK_Demo/Pods-PVSDK_Demo-resources.sh",
				"${PODS_ROOT}/IQKeyboardManager/IQKeyboardManager/Resources/IQKeyboardManager.bundle",
			);
			name = "[CP] Copy Pods Resources";
			outputPaths = (
				"${TARGET_BUILD_DIR}/${UNLOCALIZED_RESOURCES_FOLDER_PATH}",
			);
			runOnlyForDeploymentPostprocessing = 0;
			shellPath = /bin/sh;
			shellScript = "\"${SRCROOT}/Pods/Target Support Files/Pods-PVSDK_Demo/Pods-PVSDK_Demo-resources.sh\"\n";
			showEnvVarsInLog = 0;
		};
/* End PBXShellScriptBuildPhase section */

/* Begin PBXSourcesBuildPhase section */
		ADC257811F8F3EBE00418881 /* Sources */ = {
			isa = PBXSourcesBuildPhase;
			buildActionMask = 2147483647;
			files = (
				86632CB41FD2A0D40077CCD8 /* RemoteModeViewController.m in Sources */,
				86CFD6DE1FCD839B00625FBE /* PVSDK_VideoStreamView.m in Sources */,
				ADC05BBB1F9DB9E100C86981 /* CanSettingView.m in Sources */,
				86632CA31FD29EEB0077CCD8 /* CameraSettingValueVC.m in Sources */,
				ADC05C451FA1E34700C86981 /* CanFilterSettingView.m in Sources */,
				ADC05BC21F9DC0CF00C86981 /* I2CSettingView.m in Sources */,
				ADC257C11F8F610500418881 /* LMJDropdownMenu.m in Sources */,
				ADC05C861FA7169E00C86981 /* ReadSpiDataParamView.m in Sources */,
				ADC05C401FA1CAB500C86981 /* SendI2cDataParamView.m in Sources */,
				868056401FC7F77800E1CDC4 /* MainViewController.m in Sources */,
				ADC05C501FA3392E00C86981 /* GpioSettingView.m in Sources */,
				86632CB11FD29F4C0077CCD8 /* MountViewController.m in Sources */,
				ADC2578D1F8F3EBE00418881 /* AppDelegate.m in Sources */,
				ADC05BC51F9DD7A800C86981 /* SpiSettingView.m in Sources */,
				ADC258A61F94669C00418881 /* UIView+Size.m in Sources */,
				86632CBB1FD2A1DD0077CCD8 /* FlightViewController.m in Sources */,
				86632CA41FD29EEB0077CCD8 /* CameraSettingVC.m in Sources */,
				ADC2589E1F9455EC00418881 /* UartSettingView.m in Sources */,
				86632CA21FD29EEB0077CCD8 /* CameraSettingParameterVC.m in Sources */,
				86632CAB1FD29F210077CCD8 /* BatterViewController.m in Sources */,
				ADC05C831FA7168700C86981 /* ReadI2cDataParamView.m in Sources */,
				ADC2578A1F8F3EBE00418881 /* main.m in Sources */,
				86CFD6DD1FCD839B00625FBE /* PVSDK_UIUtils.m in Sources */,
				86632CA81FD29F080077CCD8 /* RemoteViewController.m in Sources */,
				ADC05C3B1FA1C4DF00C86981 /* SendCanDataParamView.m in Sources */,
			);
			runOnlyForDeploymentPostprocessing = 0;
		};
		ADC2579A1F8F3EBF00418881 /* Sources */ = {
			isa = PBXSourcesBuildPhase;
			buildActionMask = 2147483647;
			files = (
				ADC257A31F8F3EBF00418881 /* PVSDK_DemoTests.m in Sources */,
			);
			runOnlyForDeploymentPostprocessing = 0;
		};
		ADC257A51F8F3EBF00418881 /* Sources */ = {
			isa = PBXSourcesBuildPhase;
			buildActionMask = 2147483647;
			files = (
				ADC257AE1F8F3EBF00418881 /* PVSDK_DemoUITests.m in Sources */,
			);
			runOnlyForDeploymentPostprocessing = 0;
		};
/* End PBXSourcesBuildPhase section */

/* Begin PBXTargetDependency section */
		ADC257A01F8F3EBF00418881 /* PBXTargetDependency */ = {
			isa = PBXTargetDependency;
			target = ADC257841F8F3EBE00418881 /* PVSDK_Demo */;
			targetProxy = ADC2579F1F8F3EBF00418881 /* PBXContainerItemProxy */;
		};
		ADC257AB1F8F3EBF00418881 /* PBXTargetDependency */ = {
			isa = PBXTargetDependency;
			target = ADC257841F8F3EBE00418881 /* PVSDK_Demo */;
			targetProxy = ADC257AA1F8F3EBF00418881 /* PBXContainerItemProxy */;
		};
/* End PBXTargetDependency section */

/* Begin PBXVariantGroup section */
		ADC257911F8F3EBF00418881 /* Main.storyboard */ = {
			isa = PBXVariantGroup;
			children = (
				ADC257921F8F3EBF00418881 /* Base */,
			);
			name = Main.storyboard;
			sourceTree = "<group>";
		};
		ADC257961F8F3EBF00418881 /* LaunchScreen.storyboard */ = {
			isa = PBXVariantGroup;
			children = (
				ADC257971F8F3EBF00418881 /* Base */,
			);
			name = LaunchScreen.storyboard;
			sourceTree = "<group>";
		};
/* End PBXVariantGroup section */

/* Begin XCBuildConfiguration section */
		ADC257B01F8F3EBF00418881 /* Debug */ = {
			isa = XCBuildConfiguration;
			buildSettings = {
				ALWAYS_SEARCH_USER_PATHS = NO;
				CLANG_ANALYZER_NONNULL = YES;
				CLANG_CXX_LANGUAGE_STANDARD = "gnu++0x";
				CLANG_CXX_LIBRARY = "libc++";
				CLANG_ENABLE_MODULES = YES;
				CLANG_ENABLE_OBJC_ARC = YES;
				CLANG_WARN_BOOL_CONVERSION = YES;
				CLANG_WARN_CONSTANT_CONVERSION = YES;
				CLANG_WARN_DIRECT_OBJC_ISA_USAGE = YES_ERROR;
				CLANG_WARN_DOCUMENTATION_COMMENTS = YES;
				CLANG_WARN_EMPTY_BODY = YES;
				CLANG_WARN_ENUM_CONVERSION = YES;
				CLANG_WARN_INFINITE_RECURSION = YES;
				CLANG_WARN_INT_CONVERSION = YES;
				CLANG_WARN_OBJC_ROOT_CLASS = YES_ERROR;
				CLANG_WARN_SUSPICIOUS_MOVE = YES;
				CLANG_WARN_UNREACHABLE_CODE = YES;
				CLANG_WARN__DUPLICATE_METHOD_MATCH = YES;
				"CODE_SIGN_IDENTITY[sdk=iphoneos*]" = "iPhone Developer";
				COPY_PHASE_STRIP = NO;
				DEBUG_INFORMATION_FORMAT = dwarf;
				ENABLE_STRICT_OBJC_MSGSEND = YES;
				ENABLE_TESTABILITY = YES;
				GCC_C_LANGUAGE_STANDARD = gnu99;
				GCC_DYNAMIC_NO_PIC = NO;
				GCC_NO_COMMON_BLOCKS = YES;
				GCC_OPTIMIZATION_LEVEL = 0;
				GCC_PREPROCESSOR_DEFINITIONS = (
					"DEBUG=1",
					"$(inherited)",
				);
				GCC_WARN_64_TO_32_BIT_CONVERSION = YES;
				GCC_WARN_ABOUT_RETURN_TYPE = YES_ERROR;
				GCC_WARN_UNDECLARED_SELECTOR = YES;
				GCC_WARN_UNINITIALIZED_AUTOS = YES_AGGRESSIVE;
				GCC_WARN_UNUSED_FUNCTION = YES;
				GCC_WARN_UNUSED_VARIABLE = YES;
				IPHONEOS_DEPLOYMENT_TARGET = 10.2;
				MTL_ENABLE_DEBUG_INFO = YES;
				ONLY_ACTIVE_ARCH = YES;
				SDKROOT = iphoneos;
				TARGETED_DEVICE_FAMILY = "1,2";
			};
			name = Debug;
		};
		ADC257B11F8F3EBF00418881 /* Release */ = {
			isa = XCBuildConfiguration;
			buildSettings = {
				ALWAYS_SEARCH_USER_PATHS = NO;
				CLANG_ANALYZER_NONNULL = YES;
				CLANG_CXX_LANGUAGE_STANDARD = "gnu++0x";
				CLANG_CXX_LIBRARY = "libc++";
				CLANG_ENABLE_MODULES = YES;
				CLANG_ENABLE_OBJC_ARC = YES;
				CLANG_WARN_BOOL_CONVERSION = YES;
				CLANG_WARN_CONSTANT_CONVERSION = YES;
				CLANG_WARN_DIRECT_OBJC_ISA_USAGE = YES_ERROR;
				CLANG_WARN_DOCUMENTATION_COMMENTS = YES;
				CLANG_WARN_EMPTY_BODY = YES;
				CLANG_WARN_ENUM_CONVERSION = YES;
				CLANG_WARN_INFINITE_RECURSION = YES;
				CLANG_WARN_INT_CONVERSION = YES;
				CLANG_WARN_OBJC_ROOT_CLASS = YES_ERROR;
				CLANG_WARN_SUSPICIOUS_MOVE = YES;
				CLANG_WARN_UNREACHABLE_CODE = YES;
				CLANG_WARN__DUPLICATE_METHOD_MATCH = YES;
				"CODE_SIGN_IDENTITY[sdk=iphoneos*]" = "iPhone Developer";
				COPY_PHASE_STRIP = NO;
				DEBUG_INFORMATION_FORMAT = "dwarf-with-dsym";
				ENABLE_NS_ASSERTIONS = NO;
				ENABLE_STRICT_OBJC_MSGSEND = YES;
				GCC_C_LANGUAGE_STANDARD = gnu99;
				GCC_NO_COMMON_BLOCKS = YES;
				GCC_WARN_64_TO_32_BIT_CONVERSION = YES;
				GCC_WARN_ABOUT_RETURN_TYPE = YES_ERROR;
				GCC_WARN_UNDECLARED_SELECTOR = YES;
				GCC_WARN_UNINITIALIZED_AUTOS = YES_AGGRESSIVE;
				GCC_WARN_UNUSED_FUNCTION = YES;
				GCC_WARN_UNUSED_VARIABLE = YES;
				IPHONEOS_DEPLOYMENT_TARGET = 10.2;
				MTL_ENABLE_DEBUG_INFO = NO;
				SDKROOT = iphoneos;
				TARGETED_DEVICE_FAMILY = "1,2";
				VALIDATE_PRODUCT = YES;
			};
			name = Release;
		};
		ADC257B31F8F3EBF00418881 /* Debug */ = {
			isa = XCBuildConfiguration;
			baseConfigurationReference = 62FBD8C81F5949C340CB6738 /* Pods-PVSDK_Demo.debug.xcconfig */;
			buildSettings = {
				ASSETCATALOG_COMPILER_APPICON_NAME = AppIcon;
				DEVELOPMENT_TEAM = 23CNQ6K9TW;
				ENABLE_BITCODE = NO;
				FRAMEWORK_SEARCH_PATHS = (
					"$(inherited)",
					"$(PROJECT_DIR)",
					"$(PROJECT_DIR)/PVSDK_Demo",
					"$(PROJECT_DIR)/PVSDK_Demo/ThirdLibary/ViewStream",
					"$(PROJECT_DIR)/PVSDK_Demo/ThirdLibary/VSLibrary",
					"$(PROJECT_DIR)/PVSDK_Demo/PVSDK_VideoStream",
					"$(PROJECT_DIR)/PVSDK_Demo/PVSDK",
					"$(PROJECT_DIR)/PVSDK_Demo/PVSDK/PVSDK_VideoStream",
				);
				GCC_PREFIX_HEADER = PVSDK_Demo/PrefixHeader.pch;
				INFOPLIST_FILE = PVSDK_Demo/Info.plist;
				LD_RUNPATH_SEARCH_PATHS = "$(inherited) @executable_path/Frameworks";
				PRODUCT_BUNDLE_IDENTIFIER = com.PowerVision.GCS;
				PRODUCT_NAME = "$(TARGET_NAME)";
			};
			name = Debug;
		};
		ADC257B41F8F3EBF00418881 /* Release */ = {
			isa = XCBuildConfiguration;
			baseConfigurationReference = AFC0D37D64375F3BAB129B63 /* Pods-PVSDK_Demo.release.xcconfig */;
			buildSettings = {
				ASSETCATALOG_COMPILER_APPICON_NAME = AppIcon;
				DEVELOPMENT_TEAM = 23CNQ6K9TW;
				ENABLE_BITCODE = NO;
				FRAMEWORK_SEARCH_PATHS = (
					"$(inherited)",
					"$(PROJECT_DIR)",
					"$(PROJECT_DIR)/PVSDK_Demo",
					"$(PROJECT_DIR)/PVSDK_Demo/ThirdLibary/ViewStream",
					"$(PROJECT_DIR)/PVSDK_Demo/ThirdLibary/VSLibrary",
					"$(PROJECT_DIR)/PVSDK_Demo/PVSDK_VideoStream",
					"$(PROJECT_DIR)/PVSDK_Demo/PVSDK",
					"$(PROJECT_DIR)/PVSDK_Demo/PVSDK/PVSDK_VideoStream",
				);
				GCC_PREFIX_HEADER = PVSDK_Demo/PrefixHeader.pch;
				INFOPLIST_FILE = PVSDK_Demo/Info.plist;
				LD_RUNPATH_SEARCH_PATHS = "$(inherited) @executable_path/Frameworks";
				PRODUCT_BUNDLE_IDENTIFIER = com.PowerVision.GCS;
				PRODUCT_NAME = "$(TARGET_NAME)";
			};
			name = Release;
		};
		ADC257B61F8F3EBF00418881 /* Debug */ = {
			isa = XCBuildConfiguration;
			buildSettings = {
				BUNDLE_LOADER = "$(TEST_HOST)";
				DEVELOPMENT_TEAM = 23CNQ6K9TW;
				INFOPLIST_FILE = PVSDK_DemoTests/Info.plist;
				LD_RUNPATH_SEARCH_PATHS = "$(inherited) @executable_path/Frameworks @loader_path/Frameworks";
				PRODUCT_BUNDLE_IDENTIFIER = "com.layne.PVSDK-Demo.PVSDK-DemoTests";
				PRODUCT_NAME = "$(TARGET_NAME)";
				TEST_HOST = "$(BUILT_PRODUCTS_DIR)/PVSDK_Demo.app/PVSDK_Demo";
			};
			name = Debug;
		};
		ADC257B71F8F3EBF00418881 /* Release */ = {
			isa = XCBuildConfiguration;
			buildSettings = {
				BUNDLE_LOADER = "$(TEST_HOST)";
				DEVELOPMENT_TEAM = 23CNQ6K9TW;
				INFOPLIST_FILE = PVSDK_DemoTests/Info.plist;
				LD_RUNPATH_SEARCH_PATHS = "$(inherited) @executable_path/Frameworks @loader_path/Frameworks";
				PRODUCT_BUNDLE_IDENTIFIER = "com.layne.PVSDK-Demo.PVSDK-DemoTests";
				PRODUCT_NAME = "$(TARGET_NAME)";
				TEST_HOST = "$(BUILT_PRODUCTS_DIR)/PVSDK_Demo.app/PVSDK_Demo";
			};
			name = Release;
		};
		ADC257B91F8F3EBF00418881 /* Debug */ = {
			isa = XCBuildConfiguration;
			buildSettings = {
				DEVELOPMENT_TEAM = 23CNQ6K9TW;
				INFOPLIST_FILE = PVSDK_DemoUITests/Info.plist;
				LD_RUNPATH_SEARCH_PATHS = "$(inherited) @executable_path/Frameworks @loader_path/Frameworks";
				PRODUCT_BUNDLE_IDENTIFIER = "com.layne.PVSDK-Demo.PVSDK-DemoUITests";
				PRODUCT_NAME = "$(TARGET_NAME)";
				TEST_TARGET_NAME = PVSDK_Demo;
			};
			name = Debug;
		};
		ADC257BA1F8F3EBF00418881 /* Release */ = {
			isa = XCBuildConfiguration;
			buildSettings = {
				DEVELOPMENT_TEAM = 23CNQ6K9TW;
				INFOPLIST_FILE = PVSDK_DemoUITests/Info.plist;
				LD_RUNPATH_SEARCH_PATHS = "$(inherited) @executable_path/Frameworks @loader_path/Frameworks";
				PRODUCT_BUNDLE_IDENTIFIER = "com.layne.PVSDK-Demo.PVSDK-DemoUITests";
				PRODUCT_NAME = "$(TARGET_NAME)";
				TEST_TARGET_NAME = PVSDK_Demo;
			};
			name = Release;
		};
/* End XCBuildConfiguration section */

/* Begin XCConfigurationList section */
		ADC257801F8F3EBE00418881 /* Build configuration list for PBXProject "PVSDK_Demo" */ = {
			isa = XCConfigurationList;
			buildConfigurations = (
				ADC257B01F8F3EBF00418881 /* Debug */,
				ADC257B11F8F3EBF00418881 /* Release */,
			);
			defaultConfigurationIsVisible = 0;
			defaultConfigurationName = Release;
		};
		ADC257B21F8F3EBF00418881 /* Build configuration list for PBXNativeTarget "PVSDK_Demo" */ = {
			isa = XCConfigurationList;
			buildConfigurations = (
				ADC257B31F8F3EBF00418881 /* Debug */,
				ADC257B41F8F3EBF00418881 /* Release */,
			);
			defaultConfigurationIsVisible = 0;
			defaultConfigurationName = Release;
		};
		ADC257B51F8F3EBF00418881 /* Build configuration list for PBXNativeTarget "PVSDK_DemoTests" */ = {
			isa = XCConfigurationList;
			buildConfigurations = (
				ADC257B61F8F3EBF00418881 /* Debug */,
				ADC257B71F8F3EBF00418881 /* Release */,
			);
			defaultConfigurationIsVisible = 0;
			defaultConfigurationName = Release;
		};
		ADC257B81F8F3EBF00418881 /* Build configuration list for PBXNativeTarget "PVSDK_DemoUITests" */ = {
			isa = XCConfigurationList;
			buildConfigurations = (
				ADC257B91F8F3EBF00418881 /* Debug */,
				ADC257BA1F8F3EBF00418881 /* Release */,
			);
			defaultConfigurationIsVisible = 0;
			defaultConfigurationName = Release;
		};
/* End XCConfigurationList section */
	};
	rootObject = ADC2577D1F8F3EBE00418881 /* Project object */;
}
